// !$*UTF8*$!
{
	archiveVersion = 1;
	classes = {
	};
	objectVersion = 56;
	objects = {

/* Begin PBXBuildFile section */
		F8B6E8C5296AD87500E2B497 /* AppDelegate.swift in Sources */ = {isa = PBXBuildFile; fileRef = F8B6E8C4296AD87500E2B497 /* AppDelegate.swift */; };
		F8B6E8C7296AD87500E2B497 /* SceneDelegate.swift in Sources */ = {isa = PBXBuildFile; fileRef = F8B6E8C6296AD87500E2B497 /* SceneDelegate.swift */; };
		F8B6E8CE296AD87600E2B497 /* Assets.xcassets in Resources */ = {isa = PBXBuildFile; fileRef = F8B6E8CD296AD87600E2B497 /* Assets.xcassets */; };
		F8B6E8D1296AD87600E2B497 /* LaunchScreen.storyboard in Resources */ = {isa = PBXBuildFile; fileRef = F8B6E8CF296AD87600E2B497 /* LaunchScreen.storyboard */; };
		F8B6E8DC296ADA7000E2B497 /* MainScreenViewController.swift in Sources */ = {isa = PBXBuildFile; fileRef = F8B6E8DB296ADA7000E2B497 /* MainScreenViewController.swift */; };
		F8B6E8DF296ADE0600E2B497 /* SnapKit in Frameworks */ = {isa = PBXBuildFile; productRef = F8B6E8DE296ADE0600E2B497 /* SnapKit */; };
		F8B6E8E4296AEAF300E2B497 /* Sk-Modernist-Bold.otf in Resources */ = {isa = PBXBuildFile; fileRef = F8B6E8E1296AEAF300E2B497 /* Sk-Modernist-Bold.otf */; };
		F8B6E8E5296AEAF300E2B497 /* Sk-Modernist-Mono.otf in Resources */ = {isa = PBXBuildFile; fileRef = F8B6E8E2296AEAF300E2B497 /* Sk-Modernist-Mono.otf */; };
		F8B6E8E6296AEAF300E2B497 /* Sk-Modernist-Regular.otf in Resources */ = {isa = PBXBuildFile; fileRef = F8B6E8E3296AEAF300E2B497 /* Sk-Modernist-Regular.otf */; };
		F8B6E8E8296B01A200E2B497 /* Apple Devices Enums.swift in Sources */ = {isa = PBXBuildFile; fileRef = F8B6E8E7296B01A200E2B497 /* Apple Devices Enums.swift */; };
		F8B6E8EE29703F7D00E2B497 /* Constants.swift in Sources */ = {isa = PBXBuildFile; fileRef = F8B6E8ED29703F7D00E2B497 /* Constants.swift */; };
		F8B6E8F929708C6400E2B497 /* TableCellView.swift in Sources */ = {isa = PBXBuildFile; fileRef = F8B6E8F829708C6400E2B497 /* TableCellView.swift */; };
		F8B6E8FF2972EAE900E2B497 /* data.json in Resources */ = {isa = PBXBuildFile; fileRef = F8B6E8FE2972EAE900E2B497 /* data.json */; };
		F8B6E9012972EE5000E2B497 /* API Data.swift in Sources */ = {isa = PBXBuildFile; fileRef = F8B6E9002972EE5000E2B497 /* API Data.swift */; };
/* End PBXBuildFile section */

/* Begin PBXFileReference section */
		F8B6E8C1296AD87500E2B497 /* LockTheDoor.app */ = {isa = PBXFileReference; explicitFileType = wrapper.application; includeInIndex = 0; path = LockTheDoor.app; sourceTree = BUILT_PRODUCTS_DIR; };
		F8B6E8C4296AD87500E2B497 /* AppDelegate.swift */ = {isa = PBXFileReference; lastKnownFileType = sourcecode.swift; path = AppDelegate.swift; sourceTree = "<group>"; };
		F8B6E8C6296AD87500E2B497 /* SceneDelegate.swift */ = {isa = PBXFileReference; lastKnownFileType = sourcecode.swift; path = SceneDelegate.swift; sourceTree = "<group>"; };
		F8B6E8CD296AD87600E2B497 /* Assets.xcassets */ = {isa = PBXFileReference; lastKnownFileType = folder.assetcatalog; path = Assets.xcassets; sourceTree = "<group>"; };
		F8B6E8D0296AD87600E2B497 /* Base */ = {isa = PBXFileReference; lastKnownFileType = file.storyboard; name = Base; path = Base.lproj/LaunchScreen.storyboard; sourceTree = "<group>"; };
		F8B6E8D2296AD87600E2B497 /* Info.plist */ = {isa = PBXFileReference; lastKnownFileType = text.plist.xml; path = Info.plist; sourceTree = "<group>"; };
		F8B6E8DB296ADA7000E2B497 /* MainScreenViewController.swift */ = {isa = PBXFileReference; lastKnownFileType = sourcecode.swift; path = MainScreenViewController.swift; sourceTree = "<group>"; };
		F8B6E8E1296AEAF300E2B497 /* Sk-Modernist-Bold.otf */ = {isa = PBXFileReference; lastKnownFileType = file; path = "Sk-Modernist-Bold.otf"; sourceTree = "<group>"; };
		F8B6E8E2296AEAF300E2B497 /* Sk-Modernist-Mono.otf */ = {isa = PBXFileReference; lastKnownFileType = file; path = "Sk-Modernist-Mono.otf"; sourceTree = "<group>"; };
		F8B6E8E3296AEAF300E2B497 /* Sk-Modernist-Regular.otf */ = {isa = PBXFileReference; lastKnownFileType = file; path = "Sk-Modernist-Regular.otf"; sourceTree = "<group>"; };
		F8B6E8E7296B01A200E2B497 /* Apple Devices Enums.swift */ = {isa = PBXFileReference; lastKnownFileType = sourcecode.swift; path = "Apple Devices Enums.swift"; sourceTree = "<group>"; };
		F8B6E8ED29703F7D00E2B497 /* Constants.swift */ = {isa = PBXFileReference; lastKnownFileType = sourcecode.swift; path = Constants.swift; sourceTree = "<group>"; };
		F8B6E8F829708C6400E2B497 /* TableCellView.swift */ = {isa = PBXFileReference; lastKnownFileType = sourcecode.swift; path = TableCellView.swift; sourceTree = "<group>"; };
		F8B6E8FE2972EAE900E2B497 /* data.json */ = {isa = PBXFileReference; fileEncoding = 4; lastKnownFileType = text.json; name = data.json; path = LockTheDoor/Resources/data.json; sourceTree = SOURCE_ROOT; };
		F8B6E9002972EE5000E2B497 /* API Data.swift */ = {isa = PBXFileReference; lastKnownFileType = sourcecode.swift; path = "API Data.swift"; sourceTree = "<group>"; };
/* End PBXFileReference section */

/* Begin PBXFrameworksBuildPhase section */
		F8B6E8BE296AD87500E2B497 /* Frameworks */ = {
			isa = PBXFrameworksBuildPhase;
			buildActionMask = 2147483647;
			files = (
				F8B6E8DF296ADE0600E2B497 /* SnapKit in Frameworks */,
			);
			runOnlyForDeploymentPostprocessing = 0;
		};
/* End PBXFrameworksBuildPhase section */

/* Begin PBXGroup section */
		F8B6E8B8296AD87500E2B497 = {
			isa = PBXGroup;
			children = (
				F8B6E8C3296AD87500E2B497 /* LockTheDoor */,
				F8B6E8C2296AD87500E2B497 /* Products */,
			);
			sourceTree = "<group>";
		};
		F8B6E8C2296AD87500E2B497 /* Products */ = {
			isa = PBXGroup;
			children = (
				F8B6E8C1296AD87500E2B497 /* LockTheDoor.app */,
			);
			name = Products;
			sourceTree = "<group>";
		};
		F8B6E8C3296AD87500E2B497 /* LockTheDoor */ = {
			isa = PBXGroup;
			children = (
				F8B6E8DA296AD97E00E2B497 /* Controllers */,
				F8B6E8EA29702F6400E2B497 /* Model */,
				F8B6E8D8296AD8A400E2B497 /* Application */,
				F8B6E8EF29704FAE00E2B497 /* Utilities */,
				F8B6E8D9296AD8B200E2B497 /* Resources */,
			);
			path = LockTheDoor;
			sourceTree = "<group>";
		};
		F8B6E8D8296AD8A400E2B497 /* Application */ = {
			isa = PBXGroup;
			children = (
				F8B6E8C4296AD87500E2B497 /* AppDelegate.swift */,
				F8B6E8C6296AD87500E2B497 /* SceneDelegate.swift */,
			);
			path = Application;
			sourceTree = "<group>";
		};
		F8B6E8D9296AD8B200E2B497 /* Resources */ = {
			isa = PBXGroup;
			children = (
				F8B6E8FE2972EAE900E2B497 /* data.json */,
				F8B6E8E0296AEADC00E2B497 /* Fonts */,
				F8B6E8CD296AD87600E2B497 /* Assets.xcassets */,
				F8B6E8CF296AD87600E2B497 /* LaunchScreen.storyboard */,
				F8B6E8D2296AD87600E2B497 /* Info.plist */,
			);
			path = Resources;
			sourceTree = "<group>";
		};
		F8B6E8DA296AD97E00E2B497 /* Controllers */ = {
			isa = PBXGroup;
			children = (
				F8B6E8DB296ADA7000E2B497 /* MainScreenViewController.swift */,
				F8B6E8F829708C6400E2B497 /* TableCellView.swift */,
			);
			path = Controllers;
			sourceTree = "<group>";
		};
		F8B6E8E0296AEADC00E2B497 /* Fonts */ = {
			isa = PBXGroup;
			children = (
				F8B6E8E1296AEAF300E2B497 /* Sk-Modernist-Bold.otf */,
				F8B6E8E2296AEAF300E2B497 /* Sk-Modernist-Mono.otf */,
				F8B6E8E3296AEAF300E2B497 /* Sk-Modernist-Regular.otf */,
			);
			path = Fonts;
			sourceTree = "<group>";
		};
		F8B6E8EA29702F6400E2B497 /* Model */ = {
			isa = PBXGroup;
			children = (
				F8B6E9002972EE5000E2B497 /* API Data.swift */,
			);
			path = Model;
			sourceTree = "<group>";
		};
		F8B6E8EF29704FAE00E2B497 /* Utilities */ = {
			isa = PBXGroup;
			children = (
				F8B6E8E7296B01A200E2B497 /* Apple Devices Enums.swift */,
				F8B6E8ED29703F7D00E2B497 /* Constants.swift */,
			);
			path = Utilities;
			sourceTree = "<group>";
		};
/* End PBXGroup section */

/* Begin PBXNativeTarget section */
		F8B6E8C0296AD87500E2B497 /* LockTheDoor */ = {
			isa = PBXNativeTarget;
			buildConfigurationList = F8B6E8D5296AD87600E2B497 /* Build configuration list for PBXNativeTarget "LockTheDoor" */;
			buildPhases = (
				F8B6E8BD296AD87500E2B497 /* Sources */,
				F8B6E8BE296AD87500E2B497 /* Frameworks */,
				F8B6E8BF296AD87500E2B497 /* Resources */,
			);
			buildRules = (
			);
			dependencies = (
			);
			name = LockTheDoor;
			packageProductDependencies = (
				F8B6E8DE296ADE0600E2B497 /* SnapKit */,
			);
			productName = LockTheDoor;
			productReference = F8B6E8C1296AD87500E2B497 /* LockTheDoor.app */;
			productType = "com.apple.product-type.application";
		};
/* End PBXNativeTarget section */

/* Begin PBXProject section */
		F8B6E8B9296AD87500E2B497 /* Project object */ = {
			isa = PBXProject;
			attributes = {
				BuildIndependentTargetsInParallel = 1;
				LastSwiftUpdateCheck = 1410;
				LastUpgradeCheck = 1410;
				TargetAttributes = {
					F8B6E8C0296AD87500E2B497 = {
						CreatedOnToolsVersion = 14.1;
					};
				};
			};
			buildConfigurationList = F8B6E8BC296AD87500E2B497 /* Build configuration list for PBXProject "LockTheDoor" */;
			compatibilityVersion = "Xcode 14.0";
			developmentRegion = en;
			hasScannedForEncodings = 0;
			knownRegions = (
				en,
				Base,
			);
			mainGroup = F8B6E8B8296AD87500E2B497;
			packageReferences = (
				F8B6E8DD296ADE0600E2B497 /* XCRemoteSwiftPackageReference "SnapKit" */,
			);
			productRefGroup = F8B6E8C2296AD87500E2B497 /* Products */;
			projectDirPath = "";
			projectRoot = "";
			targets = (
				F8B6E8C0296AD87500E2B497 /* LockTheDoor */,
			);
		};
/* End PBXProject section */

/* Begin PBXResourcesBuildPhase section */
		F8B6E8BF296AD87500E2B497 /* Resources */ = {
			isa = PBXResourcesBuildPhase;
			buildActionMask = 2147483647;
			files = (
				F8B6E8E6296AEAF300E2B497 /* Sk-Modernist-Regular.otf in Resources */,
				F8B6E8FF2972EAE900E2B497 /* data.json in Resources */,
				F8B6E8D1296AD87600E2B497 /* LaunchScreen.storyboard in Resources */,
				F8B6E8E4296AEAF300E2B497 /* Sk-Modernist-Bold.otf in Resources */,
				F8B6E8E5296AEAF300E2B497 /* Sk-Modernist-Mono.otf in Resources */,
				F8B6E8CE296AD87600E2B497 /* Assets.xcassets in Resources */,
			);
			runOnlyForDeploymentPostprocessing = 0;
		};
/* End PBXResourcesBuildPhase section */

/* Begin PBXSourcesBuildPhase section */
		F8B6E8BD296AD87500E2B497 /* Sources */ = {
			isa = PBXSourcesBuildPhase;
			buildActionMask = 2147483647;
			files = (
				F8B6E8C5296AD87500E2B497 /* AppDelegate.swift in Sources */,
				F8B6E9012972EE5000E2B497 /* API Data.swift in Sources */,
				F8B6E8EE29703F7D00E2B497 /* Constants.swift in Sources */,
				F8B6E8E8296B01A200E2B497 /* Apple Devices Enums.swift in Sources */,
				F8B6E8F929708C6400E2B497 /* TableCellView.swift in Sources */,
				F8B6E8DC296ADA7000E2B497 /* MainScreenViewController.swift in Sources */,
				F8B6E8C7296AD87500E2B497 /* SceneDelegate.swift in Sources */,
			);
			runOnlyForDeploymentPostprocessing = 0;
		};
/* End PBXSourcesBuildPhase section */

/* Begin PBXVariantGroup section */
		F8B6E8CF296AD87600E2B497 /* LaunchScreen.storyboard */ = {
			isa = PBXVariantGroup;
			children = (
				F8B6E8D0296AD87600E2B497 /* Base */,
			);
			name = LaunchScreen.storyboard;
			sourceTree = "<group>";
		};
/* End PBXVariantGroup section */

/* Begin XCBuildConfiguration section */
		F8B6E8D3296AD87600E2B497 /* Debug */ = {
			isa = XCBuildConfiguration;
			buildSettings = {
				ALWAYS_SEARCH_USER_PATHS = NO;
				CLANG_ANALYZER_NONNULL = YES;
				CLANG_ANALYZER_NUMBER_OBJECT_CONVERSION = YES_AGGRESSIVE;
				CLANG_CXX_LANGUAGE_STANDARD = "gnu++20";
				CLANG_ENABLE_MODULES = YES;
				CLANG_ENABLE_OBJC_ARC = YES;
				CLANG_ENABLE_OBJC_WEAK = YES;
				CLANG_WARN_BLOCK_CAPTURE_AUTORELEASING = YES;
				CLANG_WARN_BOOL_CONVERSION = YES;
				CLANG_WARN_COMMA = YES;
				CLANG_WARN_CONSTANT_CONVERSION = YES;
				CLANG_WARN_DEPRECATED_OBJC_IMPLEMENTATIONS = YES;
				CLANG_WARN_DIRECT_OBJC_ISA_USAGE = YES_ERROR;
				CLANG_WARN_DOCUMENTATION_COMMENTS = YES;
				CLANG_WARN_EMPTY_BODY = YES;
				CLANG_WARN_ENUM_CONVERSION = YES;
				CLANG_WARN_INFINITE_RECURSION = YES;
				CLANG_WARN_INT_CONVERSION = YES;
				CLANG_WARN_NON_LITERAL_NULL_CONVERSION = YES;
				CLANG_WARN_OBJC_IMPLICIT_RETAIN_SELF = YES;
				CLANG_WARN_OBJC_LITERAL_CONVERSION = YES;
				CLANG_WARN_OBJC_ROOT_CLASS = YES_ERROR;
				CLANG_WARN_QUOTED_INCLUDE_IN_FRAMEWORK_HEADER = YES;
				CLANG_WARN_RANGE_LOOP_ANALYSIS = YES;
				CLANG_WARN_STRICT_PROTOTYPES = YES;
				CLANG_WARN_SUSPICIOUS_MOVE = YES;
				CLANG_WARN_UNGUARDED_AVAILABILITY = YES_AGGRESSIVE;
				CLANG_WARN_UNREACHABLE_CODE = YES;
				CLANG_WARN__DUPLICATE_METHOD_MATCH = YES;
				COPY_PHASE_STRIP = NO;
				DEBUG_INFORMATION_FORMAT = dwarf;
				ENABLE_STRICT_OBJC_MSGSEND = YES;
				ENABLE_TESTABILITY = YES;
				GCC_C_LANGUAGE_STANDARD = gnu11;
				GCC_DYNAMIC_NO_PIC = NO;
				GCC_NO_COMMON_BLOCKS = YES;
				GCC_OPTIMIZATION_LEVEL = 0;
				GCC_PREPROCESSOR_DEFINITIONS = (
					"DEBUG=1",
					"$(inherited)",
				);
				GCC_WARN_64_TO_32_BIT_CONVERSION = YES;
				GCC_WARN_ABOUT_RETURN_TYPE = YES_ERROR;
				GCC_WARN_UNDECLARED_SELECTOR = YES;
				GCC_WARN_UNINITIALIZED_AUTOS = YES_AGGRESSIVE;
				GCC_WARN_UNUSED_FUNCTION = YES;
				GCC_WARN_UNUSED_VARIABLE = YES;
				IPHONEOS_DEPLOYMENT_TARGET = 16.1;
				MTL_ENABLE_DEBUG_INFO = INCLUDE_SOURCE;
				MTL_FAST_MATH = YES;
				ONLY_ACTIVE_ARCH = YES;
				SDKROOT = iphoneos;
				SWIFT_ACTIVE_COMPILATION_CONDITIONS = DEBUG;
				SWIFT_OPTIMIZATION_LEVEL = "-Onone";
			};
			name = Debug;
		};
		F8B6E8D4296AD87600E2B497 /* Release */ = {
			isa = XCBuildConfiguration;
			buildSettings = {
				ALWAYS_SEARCH_USER_PATHS = NO;
				CLANG_ANALYZER_NONNULL = YES;
				CLANG_ANALYZER_NUMBER_OBJECT_CONVERSION = YES_AGGRESSIVE;
				CLANG_CXX_LANGUAGE_STANDARD = "gnu++20";
				CLANG_ENABLE_MODULES = YES;
				CLANG_ENABLE_OBJC_ARC = YES;
				CLANG_ENABLE_OBJC_WEAK = YES;
				CLANG_WARN_BLOCK_CAPTURE_AUTORELEASING = YES;
				CLANG_WARN_BOOL_CONVERSION = YES;
				CLANG_WARN_COMMA = YES;
				CLANG_WARN_CONSTANT_CONVERSION = YES;
				CLANG_WARN_DEPRECATED_OBJC_IMPLEMENTATIONS = YES;
				CLANG_WARN_DIRECT_OBJC_ISA_USAGE = YES_ERROR;
				CLANG_WARN_DOCUMENTATION_COMMENTS = YES;
				CLANG_WARN_EMPTY_BODY = YES;
				CLANG_WARN_ENUM_CONVERSION = YES;
				CLANG_WARN_INFINITE_RECURSION = YES;
				CLANG_WARN_INT_CONVERSION = YES;
				CLANG_WARN_NON_LITERAL_NULL_CONVERSION = YES;
				CLANG_WARN_OBJC_IMPLICIT_RETAIN_SELF = YES;
				CLANG_WARN_OBJC_LITERAL_CONVERSION = YES;
				CLANG_WARN_OBJC_ROOT_CLASS = YES_ERROR;
				CLANG_WARN_QUOTED_INCLUDE_IN_FRAMEWORK_HEADER = YES;
				CLANG_WARN_RANGE_LOOP_ANALYSIS = YES;
				CLANG_WARN_STRICT_PROTOTYPES = YES;
				CLANG_WARN_SUSPICIOUS_MOVE = YES;
				CLANG_WARN_UNGUARDED_AVAILABILITY = YES_AGGRESSIVE;
				CLANG_WARN_UNREACHABLE_CODE = YES;
				CLANG_WARN__DUPLICATE_METHOD_MATCH = YES;
				COPY_PHASE_STRIP = NO;
				DEBUG_INFORMATION_FORMAT = "dwarf-with-dsym";
				ENABLE_NS_ASSERTIONS = NO;
				ENABLE_STRICT_OBJC_MSGSEND = YES;
				GCC_C_LANGUAGE_STANDARD = gnu11;
				GCC_NO_COMMON_BLOCKS = YES;
				GCC_WARN_64_TO_32_BIT_CONVERSION = YES;
				GCC_WARN_ABOUT_RETURN_TYPE = YES_ERROR;
				GCC_WARN_UNDECLARED_SELECTOR = YES;
				GCC_WARN_UNINITIALIZED_AUTOS = YES_AGGRESSIVE;
				GCC_WARN_UNUSED_FUNCTION = YES;
				GCC_WARN_UNUSED_VARIABLE = YES;
				IPHONEOS_DEPLOYMENT_TARGET = 16.1;
				MTL_ENABLE_DEBUG_INFO = NO;
				MTL_FAST_MATH = YES;
				SDKROOT = iphoneos;
				SWIFT_COMPILATION_MODE = wholemodule;
				SWIFT_OPTIMIZATION_LEVEL = "-O";
				VALIDATE_PRODUCT = YES;
			};
			name = Release;
		};
		F8B6E8D6296AD87600E2B497 /* Debug */ = {
			isa = XCBuildConfiguration;
			buildSettings = {
				ASSETCATALOG_COMPILER_APPICON_NAME = AppIcon;
				ASSETCATALOG_COMPILER_GLOBAL_ACCENT_COLOR_NAME = AccentColor;
				CODE_SIGN_STYLE = Automatic;
				CURRENT_PROJECT_VERSION = 1;
				DEVELOPMENT_TEAM = 5W72XU35U2;
				GENERATE_INFOPLIST_FILE = YES;
				INFOPLIST_FILE = LockTheDoor/Resources/Info.plist;
				INFOPLIST_KEY_UIApplicationSupportsIndirectInputEvents = YES;
				INFOPLIST_KEY_UILaunchStoryboardName = LaunchScreen;
				INFOPLIST_KEY_UIStatusBarStyle = "";
				INFOPLIST_KEY_UISupportedInterfaceOrientations = UIInterfaceOrientationPortrait;
				INFOPLIST_KEY_UISupportedInterfaceOrientations_iPad = UIInterfaceOrientationLandscapeRight;
				LD_RUNPATH_SEARCH_PATHS = (
					"$(inherited)",
					"@executable_path/Frameworks",
				);
				MARKETING_VERSION = 1.0;
				PRODUCT_BUNDLE_IDENTIFIER = com.vkiverskyi.LockTheDoor;
				PRODUCT_NAME = "$(TARGET_NAME)";
				SUPPORTED_PLATFORMS = "iphoneos iphonesimulator";
				SUPPORTS_MACCATALYST = NO;
				SUPPORTS_MAC_DESIGNED_FOR_IPHONE_IPAD = NO;
				SWIFT_EMIT_LOC_STRINGS = YES;
				SWIFT_VERSION = 5.0;
				TARGETED_DEVICE_FAMILY = 1;
			};
			name = Debug;
		};
		F8B6E8D7296AD87600E2B497 /* Release */ = {
			isa = XCBuildConfiguration;
			buildSettings = {
				ASSETCATALOG_COMPILER_APPICON_NAME = AppIcon;
				ASSETCATALOG_COMPILER_GLOBAL_ACCENT_COLOR_NAME = AccentColor;
				CODE_SIGN_STYLE = Automatic;
				CURRENT_PROJECT_VERSION = 1;
				DEVELOPMENT_TEAM = 5W72XU35U2;
				GENERATE_INFOPLIST_FILE = YES;
				INFOPLIST_FILE = LockTheDoor/Resources/Info.plist;
				INFOPLIST_KEY_UIApplicationSupportsIndirectInputEvents = YES;
				INFOPLIST_KEY_UILaunchStoryboardName = LaunchScreen;
				INFOPLIST_KEY_UIStatusBarStyle = "";
				INFOPLIST_KEY_UISupportedInterfaceOrientations = UIInterfaceOrientationPortrait;
				INFOPLIST_KEY_UISupportedInterfaceOrientations_iPad = UIInterfaceOrientationLandscapeRight;
				LD_RUNPATH_SEARCH_PATHS = (
					"$(inherited)",
					"@executable_path/Frameworks",
				);
				MARKETING_VERSION = 1.0;
				PRODUCT_BUNDLE_IDENTIFIER = com.vkiverskyi.LockTheDoor;
				PRODUCT_NAME = "$(TARGET_NAME)";
				SUPPORTED_PLATFORMS = "iphoneos iphonesimulator";
				SUPPORTS_MACCATALYST = NO;
				SUPPORTS_MAC_DESIGNED_FOR_IPHONE_IPAD = NO;
				SWIFT_EMIT_LOC_STRINGS = YES;
				SWIFT_VERSION = 5.0;
				TARGETED_DEVICE_FAMILY = 1;
			};
			name = Release;
		};
/* End XCBuildConfiguration section */

/* Begin XCConfigurationList section */
		F8B6E8BC296AD87500E2B497 /* Build configuration list for PBXProject "LockTheDoor" */ = {
			isa = XCConfigurationList;
			buildConfigurations = (
				F8B6E8D3296AD87600E2B497 /* Debug */,
				F8B6E8D4296AD87600E2B497 /* Release */,
			);
			defaultConfigurationIsVisible = 0;
			defaultConfigurationName = Release;
		};
		F8B6E8D5296AD87600E2B497 /* Build configuration list for PBXNativeTarget "LockTheDoor" */ = {
			isa = XCConfigurationList;
			buildConfigurations = (
				F8B6E8D6296AD87600E2B497 /* Debug */,
				F8B6E8D7296AD87600E2B497 /* Release */,
			);
			defaultConfigurationIsVisible = 0;
			defaultConfigurationName = Release;
		};
/* End XCConfigurationList section */

/* Begin XCRemoteSwiftPackageReference section */
		F8B6E8DD296ADE0600E2B497 /* XCRemoteSwiftPackageReference "SnapKit" */ = {
			isa = XCRemoteSwiftPackageReference;
			repositoryURL = "https://github.com/SnapKit/SnapKit";
			requirement = {
				kind = upToNextMajorVersion;
				minimumVersion = 5.0.0;
			};
		};
/* End XCRemoteSwiftPackageReference section */

/* Begin XCSwiftPackageProductDependency section */
		F8B6E8DE296ADE0600E2B497 /* SnapKit */ = {
			isa = XCSwiftPackageProductDependency;
			package = F8B6E8DD296ADE0600E2B497 /* XCRemoteSwiftPackageReference "SnapKit" */;
			productName = SnapKit;
		};
/* End XCSwiftPackageProductDependency section */
	};
	rootObject = F8B6E8B9296AD87500E2B497 /* Project object */;
}
